Microsoft Visual Studio Solution File, Format Version 12.00
Project("{FAE04EC0-301F-11D3-BF4B-00C04F79EFBC}") = "PassedPawn.API", "PassedPawn.API\PassedPawn.API.csproj", "{2AFB8B78-1AB2-4B52-9E5B-FC2145E94621}"
EndProject
Project("{FAE04EC0-301F-11D3-BF4B-00C04F79EFBC}") = "PassedPawn.DataAccess", "PassedPawn.DataAccess\PassedPawn.DataAccess.csproj", "{007093D9-D277-4DAF-91E7-39EEAD562E9D}"
EndProject
Project("{FAE04EC0-301F-11D3-BF4B-00C04F79EFBC}") = "PassedPawn.Models", "PassedPawn.Models\PassedPawn.Models.csproj", "{4727519D-9B10-4D41-91A2-3EC893BEF512}"
EndProject
Project("{FAE04EC0-301F-11D3-BF4B-00C04F79EFBC}") = "PassedPawn.Tests", "PassedPawn.Tests\PassedPawn.Tests.csproj", "{77E93713-393E-4ECB-8262-A214B6E44166}"
EndProject
Project("{FAE04EC0-301F-11D3-BF4B-00C04F79EFBC}") = "PassedPawn.BusinessLogic", "PassedPawn.BusinessLogic\PassedPawn.BusinessLogic.csproj", "{649DF420-C5D5-4451-BCCA-254DE59794B6}"
EndProject
Global
	GlobalSection(SolutionConfigurationPlatforms) = preSolution
		Debug|Any CPU = Debug|Any CPU
		Release|Any CPU = Release|Any CPU
	EndGlobalSection
	GlobalSection(ProjectConfigurationPlatforms) = postSolution
		{2AFB8B78-1AB2-4B52-9E5B-FC2145E94621}.Debug|Any CPU.ActiveCfg = Debug|Any CPU
		{2AFB8B78-1AB2-4B52-9E5B-FC2145E94621}.Debug|Any CPU.Build.0 = Debug|Any CPU
		{2AFB8B78-1AB2-4B52-9E5B-FC2145E94621}.Release|Any CPU.ActiveCfg = Release|Any CPU
		{2AFB8B78-1AB2-4B52-9E5B-FC2145E94621}.Release|Any CPU.Build.0 = Release|Any CPU
		{007093D9-D277-4DAF-91E7-39EEAD562E9D}.Debug|Any CPU.ActiveCfg = Debug|Any CPU
		{007093D9-D277-4DAF-91E7-39EEAD562E9D}.Debug|Any CPU.Build.0 = Debug|Any CPU
		{007093D9-D277-4DAF-91E7-39EEAD562E9D}.Release|Any CPU.ActiveCfg = Release|Any CPU
		{007093D9-D277-4DAF-91E7-39EEAD562E9D}.Release|Any CPU.Build.0 = Release|Any CPU
		{4727519D-9B10-4D41-91A2-3EC893BEF512}.Debug|Any CPU.ActiveCfg = Debug|Any CPU
		{4727519D-9B10-4D41-91A2-3EC893BEF512}.Debug|Any CPU.Build.0 = Debug|Any CPU
		{4727519D-9B10-4D41-91A2-3EC893BEF512}.Release|Any CPU.ActiveCfg = Release|Any CPU
		{4727519D-9B10-4D41-91A2-3EC893BEF512}.Release|Any CPU.Build.0 = Release|Any CPU
		{77E93713-393E-4ECB-8262-A214B6E44166}.Debug|Any CPU.ActiveCfg = Debug|Any CPU
		{77E93713-393E-4ECB-8262-A214B6E44166}.Debug|Any CPU.Build.0 = Debug|Any CPU
		{77E93713-393E-4ECB-8262-A214B6E44166}.Release|Any CPU.ActiveCfg = Release|Any CPU
		{77E93713-393E-4ECB-8262-A214B6E44166}.Release|Any CPU.Build.0 = Release|Any CPU
		{649DF420-C5D5-4451-BCCA-254DE59794B6}.Debug|Any CPU.ActiveCfg = Debug|Any CPU
		{649DF420-C5D5-4451-BCCA-254DE59794B6}.Debug|Any CPU.Build.0 = Debug|Any CPU
		{649DF420-C5D5-4451-BCCA-254DE59794B6}.Release|Any CPU.ActiveCfg = Release|Any CPU
		{649DF420-C5D5-4451-BCCA-254DE59794B6}.Release|Any CPU.Build.0 = Release|Any CPU
	EndGlobalSection
EndGlobal
